<?xml version="1.0" encoding="UTF-8" standalone="yes" ?>
<CodeBlocks_project_file>
	<FileVersion major="1" minor="6" />
	<Project>
		<Option title="test" />
		<Option pch_mode="2" />
		<Option compiler="gcc" />
		<Build>
			<Target title="Debug">
				<Option output="bin/Debug/test" prefix_auto="1" extension_auto="1" />
				<Option object_output="obj/Debug/" />
				<Option type="1" />
				<Option compiler="gcc" />
				<Compiler>
					<Add option="-g" />
				</Compiler>
			</Target>
			<Target title="Release">
				<Option output="bin/Release/test" prefix_auto="1" extension_auto="1" />
				<Option object_output="obj/Release/" />
				<Option type="1" />
				<Option compiler="gcc" />
				<Compiler>
					<Add option="-O2" />
				</Compiler>
				<Linker>
					<Add option="-s" />
				</Linker>
			</Target>
		</Build>
		<Compiler>
			<Add option="-Wall" />
			<Add option="-fexceptions" />
		</Compiler>
		<Unit filename="aiqiyi0908.cpp" />
		<Unit filename="alibb.cpp" />
		<Unit filename="bitedance0915.cpp" />
		<Unit filename="changchunajingmi.cpp" />
		<Unit filename="cvte905.cpp" />
		<Unit filename="didi0827.cpp" />
		<Unit filename="dijkstra.cpp" />
		<Unit filename="gld_0826_1.cpp" />
		<Unit filename="huanjushidai.cpp" />
		<Unit filename="huanushidai.cpp" />
		<Unit filename="jd.cpp" />
		<Unit filename="jd2.cpp" />
		<Unit filename="kuaishou0916.cpp" />
		<Unit filename="leetCode.cpp" />
		<Unit filename="leetCode_backTrace.cpp" />
		<Unit filename="lianbiaoquchong.cpp" />
		<Unit filename="main.cpp" />
		<Unit filename="oppo0908.cpp" />
		<Unit filename="quit_sort.cpp" />
		<Unit filename="shenxinfu0918.cpp" />
		<Unit filename="tx91.cpp" />
		<Unit filename="tx912.cpp" />
		<Unit filename="wangyihuyu0907.cpp" />
		<Unit filename="yitukeji0906.cpp" />
		<Unit filename="yjing829.cpp" />
		<Unit filename="yuncong0912_1.cpp" />
		<Unit filename="yuncong0912_2.c">
			<Option compilerVar="CC" />
		</Unit>
		<Extensions>
			<code_completion />
			<envvars />
			<debugger />
			<lib_finder disable_auto="1" />
		</Extensions>
	</Project>
</CodeBlocks_project_file>
